
Microsoft Visual Studio Solution File, Format Version 12.00
# Visual Studio Version 17
VisualStudioVersion = 17.1.32421.90
MinimumVisualStudioVersion = 10.0.40219.1
Project("{FAE04EC0-301F-11D3-BF4B-00C04F79EFBC}") = "RWAproject", "RWAproject\RWAproject.csproj", "{4C47199A-ED74-4F0F-8E13-EF7783FB22A6}"
EndProject
Project("{FAE04EC0-301F-11D3-BF4B-00C04F79EFBC}") = "DataLayer", "DataLayer\DataLayer.csproj", "{B8133D33-1236-4058-807D-4ABFE71E1705}"
EndProject
Global
	GlobalSection(SolutionConfigurationPlatforms) = preSolution
		Debug|Any CPU = Debug|Any CPU
		Release|Any CPU = Release|Any CPU
	EndGlobalSection
	GlobalSection(ProjectConfigurationPlatforms) = postSolution
		{4C47199A-ED74-4F0F-8E13-EF7783FB22A6}.Debug|Any CPU.ActiveCfg = Debug|Any CPU
		{4C47199A-ED74-4F0F-8E13-EF7783FB22A6}.Debug|Any CPU.Build.0 = Debug|Any CPU
		{4C47199A-ED74-4F0F-8E13-EF7783FB22A6}.Release|Any CPU.ActiveCfg = Release|Any CPU
		{4C47199A-ED74-4F0F-8E13-EF7783FB22A6}.Release|Any CPU.Build.0 = Release|Any CPU
		{B8133D33-1236-4058-807D-4ABFE71E1705}.Debug|Any CPU.ActiveCfg = Debug|Any CPU
		{B8133D33-1236-4058-807D-4ABFE71E1705}.Debug|Any CPU.Build.0 = Debug|Any CPU
		{B8133D33-1236-4058-807D-4ABFE71E1705}.Release|Any CPU.ActiveCfg = Release|Any CPU
		{B8133D33-1236-4058-807D-4ABFE71E1705}.Release|Any CPU.Build.0 = Release|Any CPU
	EndGlobalSection
	GlobalSection(SolutionProperties) = preSolution
		HideSolutionNode = FALSE
	EndGlobalSection
	GlobalSection(ExtensibilityGlobals) = postSolution
		SolutionGuid = {70676180-F7DF-4206-BCA9-A90CD7008700}
	EndGlobalSection
EndGlobal
